
Microsoft Visual Studio Solution File, Format Version 12.00
# Visual Studio Version 17
VisualStudioVersion = 17.10.35013.160
MinimumVisualStudioVersion = 10.0.40219.1
Project("{FAE04EC0-301F-11D3-BF4B-00C04F79EFBC}") = "TaskChallenge.API", "TarefaAPI.API\TaskChallenge.API.csproj", "{D9918898-5EA7-4D2E-A70A-2C82CB94A89F}"
EndProject
Project("{FAE04EC0-301F-11D3-BF4B-00C04F79EFBC}") = "TaskChallenge.Communication", "TarefaChallenge.Communication\TaskChallenge.Communication.csproj", "{0C701F9C-6C82-46BA-951A-332320B76539}"
EndProject
Project("{FAE04EC0-301F-11D3-BF4B-00C04F79EFBC}") = "TaskChallenge.Application", "TarefaChallenge.Application\TaskChallenge.Application.csproj", "{C25A5359-60EA-47D7-ADFE-8AFF696C09F8}"
EndProject
Global
	GlobalSection(SolutionConfigurationPlatforms) = preSolution
		Debug|Any CPU = Debug|Any CPU
		Release|Any CPU = Release|Any CPU
	EndGlobalSection
	GlobalSection(ProjectConfigurationPlatforms) = postSolution
		{D9918898-5EA7-4D2E-A70A-2C82CB94A89F}.Debug|Any CPU.ActiveCfg = Debug|Any CPU
		{D9918898-5EA7-4D2E-A70A-2C82CB94A89F}.Debug|Any CPU.Build.0 = Debug|Any CPU
		{D9918898-5EA7-4D2E-A70A-2C82CB94A89F}.Release|Any CPU.ActiveCfg = Release|Any CPU
		{D9918898-5EA7-4D2E-A70A-2C82CB94A89F}.Release|Any CPU.Build.0 = Release|Any CPU
		{0C701F9C-6C82-46BA-951A-332320B76539}.Debug|Any CPU.ActiveCfg = Debug|Any CPU
		{0C701F9C-6C82-46BA-951A-332320B76539}.Debug|Any CPU.Build.0 = Debug|Any CPU
		{0C701F9C-6C82-46BA-951A-332320B76539}.Release|Any CPU.ActiveCfg = Release|Any CPU
		{0C701F9C-6C82-46BA-951A-332320B76539}.Release|Any CPU.Build.0 = Release|Any CPU
		{C25A5359-60EA-47D7-ADFE-8AFF696C09F8}.Debug|Any CPU.ActiveCfg = Debug|Any CPU
		{C25A5359-60EA-47D7-ADFE-8AFF696C09F8}.Debug|Any CPU.Build.0 = Debug|Any CPU
		{C25A5359-60EA-47D7-ADFE-8AFF696C09F8}.Release|Any CPU.ActiveCfg = Release|Any CPU
		{C25A5359-60EA-47D7-ADFE-8AFF696C09F8}.Release|Any CPU.Build.0 = Release|Any CPU
	EndGlobalSection
	GlobalSection(SolutionProperties) = preSolution
		HideSolutionNode = FALSE
	EndGlobalSection
	GlobalSection(ExtensibilityGlobals) = postSolution
		SolutionGuid = {C6D9FE41-B783-4F94-9E9D-4DC328528530}
	EndGlobalSection
EndGlobal
